
Microsoft Visual Studio Solution File, Format Version 12.00
# Visual Studio Version 17
VisualStudioVersion = 17.14.36408.4 d17.14
MinimumVisualStudioVersion = 10.0.40219.1
Project("{FAE04EC0-301F-11D3-BF4B-00C04F79EFBC}") = "GofCAF", "GofCAF\GofCAF.csproj", "{857741A5-5375-4D48-A1E9-0010C5345049}"
EndProject
Global
	GlobalSection(SolutionConfigurationPlatforms) = preSolution
		Debug|Any CPU = Debug|Any CPU
		Release|Any CPU = Release|Any CPU
	EndGlobalSection
	GlobalSection(ProjectConfigurationPlatforms) = postSolution
		{857741A5-5375-4D48-A1E9-0010C5345049}.Debug|Any CPU.ActiveCfg = Debug|Any CPU
		{857741A5-5375-4D48-A1E9-0010C5345049}.Debug|Any CPU.Build.0 = Debug|Any CPU
		{857741A5-5375-4D48-A1E9-0010C5345049}.Release|Any CPU.ActiveCfg = Release|Any CPU
		{857741A5-5375-4D48-A1E9-0010C5345049}.Release|Any CPU.Build.0 = Release|Any CPU
	EndGlobalSection
	GlobalSection(SolutionProperties) = preSolution
		HideSolutionNode = FALSE
	EndGlobalSection
	GlobalSection(ExtensibilityGlobals) = postSolution
		SolutionGuid = {3ED740EC-30FB-483E-A454-36CCCB689D37}
	EndGlobalSection
EndGlobal
